
Microsoft Visual Studio Solution File, Format Version 12.00
# Visual Studio 15
VisualStudioVersion = 15.0.28010.2048
MinimumVisualStudioVersion = 10.0.40219.1
Project("{FAE04EC0-301F-11D3-BF4B-00C04F79EFBC}") = "LearnXamarin.Android", "LearnXamarin\LearnXamarin.Android\LearnXamarin.Android.csproj", "{AE510556-AA33-4195-9F45-850146A6B4B5}"
EndProject
Project("{FAE04EC0-301F-11D3-BF4B-00C04F79EFBC}") = "LearnXamarin.iOS", "LearnXamarin\LearnXamarin.iOS\LearnXamarin.iOS.csproj", "{4413C98F-E9E4-4056-B603-996DD932DAB9}"
EndProject
Project("{FAE04EC0-301F-11D3-BF4B-00C04F79EFBC}") = "LearnXamarin.UWP", "LearnXamarin\LearnXamarin.UWP\LearnXamarin.UWP.csproj", "{938695A0-7A08-4C1E-AAFC-A804597AA395}"
EndProject
Project("{FAE04EC0-301F-11D3-BF4B-00C04F79EFBC}") = "LearnXamarin", "LearnXamarin\LearnXamarin\LearnXamarin.csproj", "{BC5E4A63-D02D-4FE6-81E1-00EBE3B095D8}"
EndProject
Global
	GlobalSection(SolutionConfigurationPlatforms) = preSolution
		Ad-Hoc|Any CPU = Ad-Hoc|Any CPU
		Ad-Hoc|ARM = Ad-Hoc|ARM
		Ad-Hoc|iPhone = Ad-Hoc|iPhone
		Ad-Hoc|iPhoneSimulator = Ad-Hoc|iPhoneSimulator
		Ad-Hoc|x64 = Ad-Hoc|x64
		Ad-Hoc|x86 = Ad-Hoc|x86
		AppStore|Any CPU = AppStore|Any CPU
		AppStore|ARM = AppStore|ARM
		AppStore|iPhone = AppStore|iPhone
		AppStore|iPhoneSimulator = AppStore|iPhoneSimulator
		AppStore|x64 = AppStore|x64
		AppStore|x86 = AppStore|x86
		Debug|Any CPU = Debug|Any CPU
		Debug|ARM = Debug|ARM
		Debug|iPhone = Debug|iPhone
		Debug|iPhoneSimulator = Debug|iPhoneSimulator
		Debug|x64 = Debug|x64
		Debug|x86 = Debug|x86
		Release|Any CPU = Release|Any CPU
		Release|ARM = Release|ARM
		Release|iPhone = Release|iPhone
		Release|iPhoneSimulator = Release|iPhoneSimulator
		Release|x64 = Release|x64
		Release|x86 = Release|x86
	EndGlobalSection
	GlobalSection(ProjectConfigurationPlatforms) = postSolution
		{AE510556-AA33-4195-9F45-850146A6B4B5}.Ad-Hoc|Any CPU.ActiveCfg = Release|Any CPU
		{AE510556-AA33-4195-9F45-850146A6B4B5}.Ad-Hoc|Any CPU.Build.0 = Release|Any CPU
		{AE510556-AA33-4195-9F45-850146A6B4B5}.Ad-Hoc|Any CPU.Deploy.0 = Release|Any CPU
		{AE510556-AA33-4195-9F45-850146A6B4B5}.Ad-Hoc|ARM.ActiveCfg = Release|Any CPU
		{AE510556-AA33-4195-9F45-850146A6B4B5}.Ad-Hoc|ARM.Build.0 = Release|Any CPU
		{AE510556-AA33-4195-9F45-850146A6B4B5}.Ad-Hoc|ARM.Deploy.0 = Release|Any CPU
		{AE510556-AA33-4195-9F45-850146A6B4B5}.Ad-Hoc|iPhone.ActiveCfg = Release|Any CPU
		{AE510556-AA33-4195-9F45-850146A6B4B5}.Ad-Hoc|iPhone.Build.0 = Release|Any CPU
		{AE510556-AA33-4195-9F45-850146A6B4B5}.Ad-Hoc|iPhone.Deploy.0 = Release|Any CPU
		{AE510556-AA33-4195-9F45-850146A6B4B5}.Ad-Hoc|iPhoneSimulator.ActiveCfg = Release|Any CPU
		{AE510556-AA33-4195-9F45-850146A6B4B5}.Ad-Hoc|iPhoneSimulator.Build.0 = Release|Any CPU
		{AE510556-AA33-4195-9F45-850146A6B4B5}.Ad-Hoc|iPhoneSimulator.Deploy.0 = Release|Any CPU
		{AE510556-AA33-4195-9F45-850146A6B4B5}.Ad-Hoc|x64.ActiveCfg = Release|Any CPU
		{AE510556-AA33-4195-9F45-850146A6B4B5}.Ad-Hoc|x64.Build.0 = Release|Any CPU
		{AE510556-AA33-4195-9F45-850146A6B4B5}.Ad-Hoc|x64.Deploy.0 = Release|Any CPU
		{AE510556-AA33-4195-9F45-850146A6B4B5}.Ad-Hoc|x86.ActiveCfg = Release|Any CPU
		{AE510556-AA33-4195-9F45-850146A6B4B5}.Ad-Hoc|x86.Build.0 = Release|Any CPU
		{AE510556-AA33-4195-9F45-850146A6B4B5}.Ad-Hoc|x86.Deploy.0 = Release|Any CPU
		{AE510556-AA33-4195-9F45-850146A6B4B5}.AppStore|Any CPU.ActiveCfg = Release|Any CPU
		{AE510556-AA33-4195-9F45-850146A6B4B5}.AppStore|Any CPU.Build.0 = Release|Any CPU
		{AE510556-AA33-4195-9F45-850146A6B4B5}.AppStore|Any CPU.Deploy.0 = Release|Any CPU
		{AE510556-AA33-4195-9F45-850146A6B4B5}.AppStore|ARM.ActiveCfg = Release|Any CPU
		{AE510556-AA33-4195-9F45-850146A6B4B5}.AppStore|ARM.Build.0 = Release|Any CPU
		{AE510556-AA33-4195-9F45-850146A6B4B5}.AppStore|ARM.Deploy.0 = Release|Any CPU
		{AE510556-AA33-4195-9F45-850146A6B4B5}.AppStore|iPhone.ActiveCfg = Release|Any CPU
		{AE510556-AA33-4195-9F45-850146A6B4B5}.AppStore|iPhone.Build.0 = Release|Any CPU
		{AE510556-AA33-4195-9F45-850146A6B4B5}.AppStore|iPhone.Deploy.0 = Release|Any CPU
		{AE510556-AA33-4195-9F45-850146A6B4B5}.AppStore|iPhoneSimulator.ActiveCfg = Release|Any CPU
		{AE510556-AA33-4195-9F45-850146A6B4B5}.AppStore|iPhoneSimulator.Build.0 = Release|Any CPU
		{AE510556-AA33-4195-9F45-850146A6B4B5}.AppStore|iPhoneSimulator.Deploy.0 = Release|Any CPU
		{AE510556-AA33-4195-9F45-850146A6B4B5}.AppStore|x64.ActiveCfg = Release|Any CPU
		{AE510556-AA33-4195-9F45-850146A6B4B5}.AppStore|x64.Build.0 = Release|Any CPU
		{AE510556-AA33-4195-9F45-850146A6B4B5}.AppStore|x64.Deploy.0 = Release|Any CPU
		{AE510556-AA33-4195-9F45-850146A6B4B5}.AppStore|x86.ActiveCfg = Release|Any CPU
		{AE510556-AA33-4195-9F45-850146A6B4B5}.AppStore|x86.Build.0 = Release|Any CPU
		{AE510556-AA33-4195-9F45-850146A6B4B5}.AppStore|x86.Deploy.0 = Release|Any CPU
		{AE510556-AA33-4195-9F45-850146A6B4B5}.Debug|Any CPU.ActiveCfg = Debug|Any CPU
		{AE510556-AA33-4195-9F45-850146A6B4B5}.Debug|Any CPU.Build.0 = Debug|Any CPU
		{AE510556-AA33-4195-9F45-850146A6B4B5}.Debug|Any CPU.Deploy.0 = Debug|Any CPU
		{AE510556-AA33-4195-9F45-850146A6B4B5}.Debug|ARM.ActiveCfg = Debug|Any CPU
		{AE510556-AA33-4195-9F45-850146A6B4B5}.Debug|ARM.Build.0 = Debug|Any CPU
		{AE510556-AA33-4195-9F45-850146A6B4B5}.Debug|ARM.Deploy.0 = Debug|Any CPU
		{AE510556-AA33-4195-9F45-850146A6B4B5}.Debug|iPhone.ActiveCfg = Debug|Any CPU
		{AE510556-AA33-4195-9F45-850146A6B4B5}.Debug|iPhone.Build.0 = Debug|Any CPU
		{AE510556-AA33-4195-9F45-850146A6B4B5}.Debug|iPhone.Deploy.0 = Debug|Any CPU
		{AE510556-AA33-4195-9F45-850146A6B4B5}.Debug|iPhoneSimulator.ActiveCfg = Debug|Any CPU
		{AE510556-AA33-4195-9F45-850146A6B4B5}.Debug|iPhoneSimulator.Build.0 = Debug|Any CPU
		{AE510556-AA33-4195-9F45-850146A6B4B5}.Debug|iPhoneSimulator.Deploy.0 = Debug|Any CPU
		{AE510556-AA33-4195-9F45-850146A6B4B5}.Debug|x64.ActiveCfg = Debug|Any CPU
		{AE510556-AA33-4195-9F45-850146A6B4B5}.Debug|x64.Build.0 = Debug|Any CPU
		{AE510556-AA33-4195-9F45-850146A6B4B5}.Debug|x64.Deploy.0 = Debug|Any CPU
		{AE510556-AA33-4195-9F45-850146A6B4B5}.Debug|x86.ActiveCfg = Debug|Any CPU
		{AE510556-AA33-4195-9F45-850146A6B4B5}.Debug|x86.Build.0 = Debug|Any CPU
		{AE510556-AA33-4195-9F45-850146A6B4B5}.Debug|x86.Deploy.0 = Debug|Any CPU
		{AE510556-AA33-4195-9F45-850146A6B4B5}.Release|Any CPU.ActiveCfg = Release|Any CPU
		{AE510556-AA33-4195-9F45-850146A6B4B5}.Release|Any CPU.Build.0 = Release|Any CPU
		{AE510556-AA33-4195-9F45-850146A6B4B5}.Release|Any CPU.Deploy.0 = Release|Any CPU
		{AE510556-AA33-4195-9F45-850146A6B4B5}.Release|ARM.ActiveCfg = Release|Any CPU
		{AE510556-AA33-4195-9F45-850146A6B4B5}.Release|ARM.Build.0 = Release|Any CPU
		{AE510556-AA33-4195-9F45-850146A6B4B5}.Release|ARM.Deploy.0 = Release|Any CPU
		{AE510556-AA33-4195-9F45-850146A6B4B5}.Release|iPhone.ActiveCfg = Release|Any CPU
		{AE510556-AA33-4195-9F45-850146A6B4B5}.Release|iPhone.Build.0 = Release|Any CPU
		{AE510556-AA33-4195-9F45-850146A6B4B5}.Release|iPhone.Deploy.0 = Release|Any CPU
		{AE510556-AA33-4195-9F45-850146A6B4B5}.Release|iPhoneSimulator.ActiveCfg = Release|Any CPU
		{AE510556-AA33-4195-9F45-850146A6B4B5}.Release|iPhoneSimulator.Build.0 = Release|Any CPU
		{AE510556-AA33-4195-9F45-850146A6B4B5}.Release|iPhoneSimulator.Deploy.0 = Release|Any CPU
		{AE510556-AA33-4195-9F45-850146A6B4B5}.Release|x64.ActiveCfg = Release|Any CPU
		{AE510556-AA33-4195-9F45-850146A6B4B5}.Release|x64.Build.0 = Release|Any CPU
		{AE510556-AA33-4195-9F45-850146A6B4B5}.Release|x64.Deploy.0 = Release|Any CPU
		{AE510556-AA33-4195-9F45-850146A6B4B5}.Release|x86.ActiveCfg = Release|Any CPU
		{AE510556-AA33-4195-9F45-850146A6B4B5}.Release|x86.Build.0 = Release|Any CPU
		{AE510556-AA33-4195-9F45-850146A6B4B5}.Release|x86.Deploy.0 = Release|Any CPU
		{4413C98F-E9E4-4056-B603-996DD932DAB9}.Ad-Hoc|Any CPU.ActiveCfg = Ad-Hoc|iPhone
		{4413C98F-E9E4-4056-B603-996DD932DAB9}.Ad-Hoc|Any CPU.Build.0 = Ad-Hoc|iPhone
		{4413C98F-E9E4-4056-B603-996DD932DAB9}.Ad-Hoc|Any CPU.Deploy.0 = Ad-Hoc|iPhone
		{4413C98F-E9E4-4056-B603-996DD932DAB9}.Ad-Hoc|ARM.ActiveCfg = Ad-Hoc|iPhone
		{4413C98F-E9E4-4056-B603-996DD932DAB9}.Ad-Hoc|ARM.Build.0 = Ad-Hoc|iPhone
		{4413C98F-E9E4-4056-B603-996DD932DAB9}.Ad-Hoc|ARM.Deploy.0 = Ad-Hoc|iPhone
		{4413C98F-E9E4-4056-B603-996DD932DAB9}.Ad-Hoc|iPhone.ActiveCfg = Ad-Hoc|iPhone
		{4413C98F-E9E4-4056-B603-996DD932DAB9}.Ad-Hoc|iPhone.Build.0 = Ad-Hoc|iPhone
		{4413C98F-E9E4-4056-B603-996DD932DAB9}.Ad-Hoc|iPhone.Deploy.0 = Ad-Hoc|iPhone
		{4413C98F-E9E4-4056-B603-996DD932DAB9}.Ad-Hoc|iPhoneSimulator.ActiveCfg = Ad-Hoc|iPhoneSimulator
		{4413C98F-E9E4-4056-B603-996DD932DAB9}.Ad-Hoc|iPhoneSimulator.Build.0 = Ad-Hoc|iPhoneSimulator
		{4413C98F-E9E4-4056-B603-996DD932DAB9}.Ad-Hoc|iPhoneSimulator.Deploy.0 = Ad-Hoc|iPhoneSimulator
		{4413C98F-E9E4-4056-B603-996DD932DAB9}.Ad-Hoc|x64.ActiveCfg = Ad-Hoc|iPhone
		{4413C98F-E9E4-4056-B603-996DD932DAB9}.Ad-Hoc|x64.Build.0 = Ad-Hoc|iPhone
		{4413C98F-E9E4-4056-B603-996DD932DAB9}.Ad-Hoc|x64.Deploy.0 = Ad-Hoc|iPhone
		{4413C98F-E9E4-4056-B603-996DD932DAB9}.Ad-Hoc|x86.ActiveCfg = Ad-Hoc|iPhone
		{4413C98F-E9E4-4056-B603-996DD932DAB9}.Ad-Hoc|x86.Build.0 = Ad-Hoc|iPhone
		{4413C98F-E9E4-4056-B603-996DD932DAB9}.Ad-Hoc|x86.Deploy.0 = Ad-Hoc|iPhone
		{4413C98F-E9E4-4056-B603-996DD932DAB9}.AppStore|Any CPU.ActiveCfg = AppStore|iPhone
		{4413C98F-E9E4-4056-B603-996DD932DAB9}.AppStore|Any CPU.Build.0 = AppStore|iPhone
		{4413C98F-E9E4-4056-B603-996DD932DAB9}.AppStore|Any CPU.Deploy.0 = AppStore|iPhone
		{4413C98F-E9E4-4056-B603-996DD932DAB9}.AppStore|ARM.ActiveCfg = AppStore|iPhone
		{4413C98F-E9E4-4056-B603-996DD932DAB9}.AppStore|ARM.Build.0 = AppStore|iPhone
		{4413C98F-E9E4-4056-B603-996DD932DAB9}.AppStore|ARM.Deploy.0 = AppStore|iPhone
		{4413C98F-E9E4-4056-B603-996DD932DAB9}.AppStore|iPhone.ActiveCfg = AppStore|iPhone
		{4413C98F-E9E4-4056-B603-996DD932DAB9}.AppStore|iPhone.Build.0 = AppStore|iPhone
		{4413C98F-E9E4-4056-B603-996DD932DAB9}.AppStore|iPhone.Deploy.0 = AppStore|iPhone
		{4413C98F-E9E4-4056-B603-996DD932DAB9}.AppStore|iPhoneSimulator.ActiveCfg = AppStore|iPhoneSimulator
		{4413C98F-E9E4-4056-B603-996DD932DAB9}.AppStore|iPhoneSimulator.Build.0 = AppStore|iPhoneSimulator
		{4413C98F-E9E4-4056-B603-996DD932DAB9}.AppStore|iPhoneSimulator.Deploy.0 = AppStore|iPhoneSimulator
		{4413C98F-E9E4-4056-B603-996DD932DAB9}.AppStore|x64.ActiveCfg = AppStore|iPhone
		{4413C98F-E9E4-4056-B603-996DD932DAB9}.AppStore|x64.Build.0 = AppStore|iPhone
		{4413C98F-E9E4-4056-B603-996DD932DAB9}.AppStore|x64.Deploy.0 = AppStore|iPhone
		{4413C98F-E9E4-4056-B603-996DD932DAB9}.AppStore|x86.ActiveCfg = AppStore|iPhone
		{4413C98F-E9E4-4056-B603-996DD932DAB9}.AppStore|x86.Build.0 = AppStore|iPhone
		{4413C98F-E9E4-4056-B603-996DD932DAB9}.AppStore|x86.Deploy.0 = AppStore|iPhone
		{4413C98F-E9E4-4056-B603-996DD932DAB9}.Debug|Any CPU.ActiveCfg = Debug|iPhoneSimulator
		{4413C98F-E9E4-4056-B603-996DD932DAB9}.Debug|Any CPU.Build.0 = Debug|iPhoneSimulator
		{4413C98F-E9E4-4056-B603-996DD932DAB9}.Debug|Any CPU.Deploy.0 = Debug|iPhoneSimulator
		{4413C98F-E9E4-4056-B603-996DD932DAB9}.Debug|ARM.ActiveCfg = Debug|iPhone
		{4413C98F-E9E4-4056-B603-996DD932DAB9}.Debug|ARM.Build.0 = Debug|iPhone
		{4413C98F-E9E4-4056-B603-996DD932DAB9}.Debug|ARM.Deploy.0 = Debug|iPhone
		{4413C98F-E9E4-4056-B603-996DD932DAB9}.Debug|iPhone.ActiveCfg = Debug|iPhone
		{4413C98F-E9E4-4056-B603-996DD932DAB9}.Debug|iPhone.Build.0 = Debug|iPhone
		{4413C98F-E9E4-4056-B603-996DD932DAB9}.Debug|iPhone.Deploy.0 = Debug|iPhone
		{4413C98F-E9E4-4056-B603-996DD932DAB9}.Debug|iPhoneSimulator.ActiveCfg = Debug|iPhoneSimulator
		{4413C98F-E9E4-4056-B603-996DD932DAB9}.Debug|iPhoneSimulator.Build.0 = Debug|iPhoneSimulator
		{4413C98F-E9E4-4056-B603-996DD932DAB9}.Debug|iPhoneSimulator.Deploy.0 = Debug|iPhoneSimulator
		{4413C98F-E9E4-4056-B603-996DD932DAB9}.Debug|x64.ActiveCfg = Debug|iPhone
		{4413C98F-E9E4-4056-B603-996DD932DAB9}.Debug|x64.Build.0 = Debug|iPhone
		{4413C98F-E9E4-4056-B603-996DD932DAB9}.Debug|x64.Deploy.0 = Debug|iPhone
		{4413C98F-E9E4-4056-B603-996DD932DAB9}.Debug|x86.ActiveCfg = Debug|iPhone
		{4413C98F-E9E4-4056-B603-996DD932DAB9}.Debug|x86.Build.0 = Debug|iPhone
		{4413C98F-E9E4-4056-B603-996DD932DAB9}.Debug|x86.Deploy.0 = Debug|iPhone
		{4413C98F-E9E4-4056-B603-996DD932DAB9}.Release|Any CPU.ActiveCfg = Release|iPhone
		{4413C98F-E9E4-4056-B603-996DD932DAB9}.Release|Any CPU.Build.0 = Release|iPhone
		{4413C98F-E9E4-4056-B603-996DD932DAB9}.Release|Any CPU.Deploy.0 = Release|iPhone
		{4413C98F-E9E4-4056-B603-996DD932DAB9}.Release|ARM.ActiveCfg = Release|iPhone
		{4413C98F-E9E4-4056-B603-996DD932DAB9}.Release|ARM.Build.0 = Release|iPhone
		{4413C98F-E9E4-4056-B603-996DD932DAB9}.Release|ARM.Deploy.0 = Release|iPhone
		{4413C98F-E9E4-4056-B603-996DD932DAB9}.Release|iPhone.ActiveCfg = Release|iPhone
		{4413C98F-E9E4-4056-B603-996DD932DAB9}.Release|iPhone.Build.0 = Release|iPhone
		{4413C98F-E9E4-4056-B603-996DD932DAB9}.Release|iPhone.Deploy.0 = Release|iPhone
		{4413C98F-E9E4-4056-B603-996DD932DAB9}.Release|iPhoneSimulator.ActiveCfg = Release|iPhoneSimulator
		{4413C98F-E9E4-4056-B603-996DD932DAB9}.Release|iPhoneSimulator.Build.0 = Release|iPhoneSimulator
		{4413C98F-E9E4-4056-B603-996DD932DAB9}.Release|iPhoneSimulator.Deploy.0 = Release|iPhoneSimulator
		{4413C98F-E9E4-4056-B603-996DD932DAB9}.Release|x64.ActiveCfg = Release|iPhone
		{4413C98F-E9E4-4056-B603-996DD932DAB9}.Release|x64.Build.0 = Release|iPhone
		{4413C98F-E9E4-4056-B603-996DD932DAB9}.Release|x64.Deploy.0 = Release|iPhone
		{4413C98F-E9E4-4056-B603-996DD932DAB9}.Release|x86.ActiveCfg = Release|iPhone
		{4413C98F-E9E4-4056-B603-996DD932DAB9}.Release|x86.Build.0 = Release|iPhone
		{4413C98F-E9E4-4056-B603-996DD932DAB9}.Release|x86.Deploy.0 = Release|iPhone
		{938695A0-7A08-4C1E-AAFC-A804597AA395}.Ad-Hoc|Any CPU.ActiveCfg = Release|x86
		{938695A0-7A08-4C1E-AAFC-A804597AA395}.Ad-Hoc|Any CPU.Build.0 = Release|x86
		{938695A0-7A08-4C1E-AAFC-A804597AA395}.Ad-Hoc|Any CPU.Deploy.0 = Release|x86
		{938695A0-7A08-4C1E-AAFC-A804597AA395}.Ad-Hoc|ARM.ActiveCfg = Release|ARM
		{938695A0-7A08-4C1E-AAFC-A804597AA395}.Ad-Hoc|ARM.Build.0 = Release|ARM
		{938695A0-7A08-4C1E-AAFC-A804597AA395}.Ad-Hoc|ARM.Deploy.0 = Release|ARM
		{938695A0-7A08-4C1E-AAFC-A804597AA395}.Ad-Hoc|iPhone.ActiveCfg = Release|x86
		{938695A0-7A08-4C1E-AAFC-A804597AA395}.Ad-Hoc|iPhone.Build.0 = Release|x86
		{938695A0-7A08-4C1E-AAFC-A804597AA395}.Ad-Hoc|iPhone.Deploy.0 = Release|x86
		{938695A0-7A08-4C1E-AAFC-A804597AA395}.Ad-Hoc|iPhoneSimulator.ActiveCfg = Release|x86
		{938695A0-7A08-4C1E-AAFC-A804597AA395}.Ad-Hoc|iPhoneSimulator.Build.0 = Release|x86
		{938695A0-7A08-4C1E-AAFC-A804597AA395}.Ad-Hoc|iPhoneSimulator.Deploy.0 = Release|x86
		{938695A0-7A08-4C1E-AAFC-A804597AA395}.Ad-Hoc|x64.ActiveCfg = Release|x64
		{938695A0-7A08-4C1E-AAFC-A804597AA395}.Ad-Hoc|x64.Build.0 = Release|x64
		{938695A0-7A08-4C1E-AAFC-A804597AA395}.Ad-Hoc|x64.Deploy.0 = Release|x64
		{938695A0-7A08-4C1E-AAFC-A804597AA395}.Ad-Hoc|x86.ActiveCfg = Release|x86
		{938695A0-7A08-4C1E-AAFC-A804597AA395}.Ad-Hoc|x86.Build.0 = Release|x86
		{938695A0-7A08-4C1E-AAFC-A804597AA395}.Ad-Hoc|x86.Deploy.0 = Release|x86
		{938695A0-7A08-4C1E-AAFC-A804597AA395}.AppStore|Any CPU.ActiveCfg = Release|x86
		{938695A0-7A08-4C1E-AAFC-A804597AA395}.AppStore|Any CPU.Build.0 = Release|x86
		{938695A0-7A08-4C1E-AAFC-A804597AA395}.AppStore|Any CPU.Deploy.0 = Release|x86
		{938695A0-7A08-4C1E-AAFC-A804597AA395}.AppStore|ARM.ActiveCfg = Release|ARM
		{938695A0-7A08-4C1E-AAFC-A804597AA395}.AppStore|ARM.Build.0 = Release|ARM
		{938695A0-7A08-4C1E-AAFC-A804597AA395}.AppStore|ARM.Deploy.0 = Release|ARM
		{938695A0-7A08-4C1E-AAFC-A804597AA395}.AppStore|iPhone.ActiveCfg = Release|x86
		{938695A0-7A08-4C1E-AAFC-A804597AA395}.AppStore|iPhone.Build.0 = Release|x86
		{938695A0-7A08-4C1E-AAFC-A804597AA395}.AppStore|iPhone.Deploy.0 = Release|x86
		{938695A0-7A08-4C1E-AAFC-A804597AA395}.AppStore|iPhoneSimulator.ActiveCfg = Release|x86
		{938695A0-7A08-4C1E-AAFC-A804597AA395}.AppStore|iPhoneSimulator.Build.0 = Release|x86
		{938695A0-7A08-4C1E-AAFC-A804597AA395}.AppStore|iPhoneSimulator.Deploy.0 = Release|x86
		{938695A0-7A08-4C1E-AAFC-A804597AA395}.AppStore|x64.ActiveCfg = Release|x64
		{938695A0-7A08-4C1E-AAFC-A804597AA395}.AppStore|x64.Build.0 = Release|x64
		{938695A0-7A08-4C1E-AAFC-A804597AA395}.AppStore|x64.Deploy.0 = Release|x64
		{938695A0-7A08-4C1E-AAFC-A804597AA395}.AppStore|x86.ActiveCfg = Release|x86
		{938695A0-7A08-4C1E-AAFC-A804597AA395}.AppStore|x86.Build.0 = Release|x86
		{938695A0-7A08-4C1E-AAFC-A804597AA395}.AppStore|x86.Deploy.0 = Release|x86
		{938695A0-7A08-4C1E-AAFC-A804597AA395}.Debug|Any CPU.ActiveCfg = Debug|x86
		{938695A0-7A08-4C1E-AAFC-A804597AA395}.Debug|Any CPU.Build.0 = Debug|x86
		{938695A0-7A08-4C1E-AAFC-A804597AA395}.Debug|Any CPU.Deploy.0 = Debug|x86
		{938695A0-7A08-4C1E-AAFC-A804597AA395}.Debug|ARM.ActiveCfg = Debug|ARM
		{938695A0-7A08-4C1E-AAFC-A804597AA395}.Debug|ARM.Build.0 = Debug|ARM
		{938695A0-7A08-4C1E-AAFC-A804597AA395}.Debug|ARM.Deploy.0 = Debug|ARM
		{938695A0-7A08-4C1E-AAFC-A804597AA395}.Debug|iPhone.ActiveCfg = Debug|x86
		{938695A0-7A08-4C1E-AAFC-A804597AA395}.Debug|iPhone.Build.0 = Debug|x86
		{938695A0-7A08-4C1E-AAFC-A804597AA395}.Debug|iPhone.Deploy.0 = Debug|x86
		{938695A0-7A08-4C1E-AAFC-A804597AA395}.Debug|iPhoneSimulator.ActiveCfg = Debug|x86
		{938695A0-7A08-4C1E-AAFC-A804597AA395}.Debug|iPhoneSimulator.Build.0 = Debug|x86
		{938695A0-7A08-4C1E-AAFC-A804597AA395}.Debug|iPhoneSimulator.Deploy.0 = Debug|x86
		{938695A0-7A08-4C1E-AAFC-A804597AA395}.Debug|x64.ActiveCfg = Debug|x64
		{938695A0-7A08-4C1E-AAFC-A804597AA395}.Debug|x64.Build.0 = Debug|x64
		{938695A0-7A08-4C1E-AAFC-A804597AA395}.Debug|x64.Deploy.0 = Debug|x64
		{938695A0-7A08-4C1E-AAFC-A804597AA395}.Debug|x86.ActiveCfg = Debug|x86
		{938695A0-7A08-4C1E-AAFC-A804597AA395}.Debug|x86.Build.0 = Debug|x86
		{938695A0-7A08-4C1E-AAFC-A804597AA395}.Debug|x86.Deploy.0 = Debug|x86
		{938695A0-7A08-4C1E-AAFC-A804597AA395}.Release|Any CPU.ActiveCfg = Release|x86
		{938695A0-7A08-4C1E-AAFC-A804597AA395}.Release|Any CPU.Build.0 = Release|x86
		{938695A0-7A08-4C1E-AAFC-A804597AA395}.Release|Any CPU.Deploy.0 = Release|x86
		{938695A0-7A08-4C1E-AAFC-A804597AA395}.Release|ARM.ActiveCfg = Release|ARM
		{938695A0-7A08-4C1E-AAFC-A804597AA395}.Release|ARM.Build.0 = Release|ARM
		{938695A0-7A08-4C1E-AAFC-A804597AA395}.Release|ARM.Deploy.0 = Release|ARM
		{938695A0-7A08-4C1E-AAFC-A804597AA395}.Release|iPhone.ActiveCfg = Release|x86
		{938695A0-7A08-4C1E-AAFC-A804597AA395}.Release|iPhone.Build.0 = Release|x86
		{938695A0-7A08-4C1E-AAFC-A804597AA395}.Release|iPhone.Deploy.0 = Release|x86
		{938695A0-7A08-4C1E-AAFC-A804597AA395}.Release|iPhoneSimulator.ActiveCfg = Release|x86
		{938695A0-7A08-4C1E-AAFC-A804597AA395}.Release|iPhoneSimulator.Build.0 = Release|x86
		{938695A0-7A08-4C1E-AAFC-A804597AA395}.Release|iPhoneSimulator.Deploy.0 = Release|x86
		{938695A0-7A08-4C1E-AAFC-A804597AA395}.Release|x64.ActiveCfg = Release|x64
		{938695A0-7A08-4C1E-AAFC-A804597AA395}.Release|x64.Build.0 = Release|x64
		{938695A0-7A08-4C1E-AAFC-A804597AA395}.Release|x64.Deploy.0 = Release|x64
		{938695A0-7A08-4C1E-AAFC-A804597AA395}.Release|x86.ActiveCfg = Release|x86
		{938695A0-7A08-4C1E-AAFC-A804597AA395}.Release|x86.Build.0 = Release|x86
		{938695A0-7A08-4C1E-AAFC-A804597AA395}.Release|x86.Deploy.0 = Release|x86
		{BC5E4A63-D02D-4FE6-81E1-00EBE3B095D8}.Ad-Hoc|Any CPU.ActiveCfg = Debug|Any CPU
		{BC5E4A63-D02D-4FE6-81E1-00EBE3B095D8}.Ad-Hoc|Any CPU.Build.0 = Debug|Any CPU
		{BC5E4A63-D02D-4FE6-81E1-00EBE3B095D8}.Ad-Hoc|Any CPU.Deploy.0 = Debug|Any CPU
		{BC5E4A63-D02D-4FE6-81E1-00EBE3B095D8}.Ad-Hoc|ARM.ActiveCfg = Debug|Any CPU
		{BC5E4A63-D02D-4FE6-81E1-00EBE3B095D8}.Ad-Hoc|ARM.Build.0 = Debug|Any CPU
		{BC5E4A63-D02D-4FE6-81E1-00EBE3B095D8}.Ad-Hoc|ARM.Deploy.0 = Debug|Any CPU
		{BC5E4A63-D02D-4FE6-81E1-00EBE3B095D8}.Ad-Hoc|iPhone.ActiveCfg = Debug|Any CPU
		{BC5E4A63-D02D-4FE6-81E1-00EBE3B095D8}.Ad-Hoc|iPhone.Build.0 = Debug|Any CPU
		{BC5E4A63-D02D-4FE6-81E1-00EBE3B095D8}.Ad-Hoc|iPhone.Deploy.0 = Debug|Any CPU
		{BC5E4A63-D02D-4FE6-81E1-00EBE3B095D8}.Ad-Hoc|iPhoneSimulator.ActiveCfg = Debug|Any CPU
		{BC5E4A63-D02D-4FE6-81E1-00EBE3B095D8}.Ad-Hoc|iPhoneSimulator.Build.0 = Debug|Any CPU
		{BC5E4A63-D02D-4FE6-81E1-00EBE3B095D8}.Ad-Hoc|iPhoneSimulator.Deploy.0 = Debug|Any CPU
		{BC5E4A63-D02D-4FE6-81E1-00EBE3B095D8}.Ad-Hoc|x64.ActiveCfg = Debug|Any CPU
		{BC5E4A63-D02D-4FE6-81E1-00EBE3B095D8}.Ad-Hoc|x64.Build.0 = Debug|Any CPU
		{BC5E4A63-D02D-4FE6-81E1-00EBE3B095D8}.Ad-Hoc|x64.Deploy.0 = Debug|Any CPU
		{BC5E4A63-D02D-4FE6-81E1-00EBE3B095D8}.Ad-Hoc|x86.ActiveCfg = Debug|Any CPU
		{BC5E4A63-D02D-4FE6-81E1-00EBE3B095D8}.Ad-Hoc|x86.Build.0 = Debug|Any CPU
		{BC5E4A63-D02D-4FE6-81E1-00EBE3B095D8}.Ad-Hoc|x86.Deploy.0 = Debug|Any CPU
		{BC5E4A63-D02D-4FE6-81E1-00EBE3B095D8}.AppStore|Any CPU.ActiveCfg = Debug|Any CPU
		{BC5E4A63-D02D-4FE6-81E1-00EBE3B095D8}.AppStore|Any CPU.Build.0 = Debug|Any CPU
		{BC5E4A63-D02D-4FE6-81E1-00EBE3B095D8}.AppStore|Any CPU.Deploy.0 = Debug|Any CPU
		{BC5E4A63-D02D-4FE6-81E1-00EBE3B095D8}.AppStore|ARM.ActiveCfg = Debug|Any CPU
		{BC5E4A63-D02D-4FE6-81E1-00EBE3B095D8}.AppStore|ARM.Build.0 = Debug|Any CPU
		{BC5E4A63-D02D-4FE6-81E1-00EBE3B095D8}.AppStore|ARM.Deploy.0 = Debug|Any CPU
		{BC5E4A63-D02D-4FE6-81E1-00EBE3B095D8}.AppStore|iPhone.ActiveCfg = Debug|Any CPU
		{BC5E4A63-D02D-4FE6-81E1-00EBE3B095D8}.AppStore|iPhone.Build.0 = Debug|Any CPU
		{BC5E4A63-D02D-4FE6-81E1-00EBE3B095D8}.AppStore|iPhone.Deploy.0 = Debug|Any CPU
		{BC5E4A63-D02D-4FE6-81E1-00EBE3B095D8}.AppStore|iPhoneSimulator.ActiveCfg = Debug|Any CPU
		{BC5E4A63-D02D-4FE6-81E1-00EBE3B095D8}.AppStore|iPhoneSimulator.Build.0 = Debug|Any CPU
		{BC5E4A63-D02D-4FE6-81E1-00EBE3B095D8}.AppStore|iPhoneSimulator.Deploy.0 = Debug|Any CPU
		{BC5E4A63-D02D-4FE6-81E1-00EBE3B095D8}.AppStore|x64.ActiveCfg = Debug|Any CPU
		{BC5E4A63-D02D-4FE6-81E1-00EBE3B095D8}.AppStore|x64.Build.0 = Debug|Any CPU
		{BC5E4A63-D02D-4FE6-81E1-00EBE3B095D8}.AppStore|x64.Deploy.0 = Debug|Any CPU
		{BC5E4A63-D02D-4FE6-81E1-00EBE3B095D8}.AppStore|x86.ActiveCfg = Debug|Any CPU
		{BC5E4A63-D02D-4FE6-81E1-00EBE3B095D8}.AppStore|x86.Build.0 = Debug|Any CPU
		{BC5E4A63-D02D-4FE6-81E1-00EBE3B095D8}.AppStore|x86.Deploy.0 = Debug|Any CPU
		{BC5E4A63-D02D-4FE6-81E1-00EBE3B095D8}.Debug|Any CPU.ActiveCfg = Debug|Any CPU
		{BC5E4A63-D02D-4FE6-81E1-00EBE3B095D8}.Debug|Any CPU.Build.0 = Debug|Any CPU
		{BC5E4A63-D02D-4FE6-81E1-00EBE3B095D8}.Debug|Any CPU.Deploy.0 = Debug|Any CPU
		{BC5E4A63-D02D-4FE6-81E1-00EBE3B095D8}.Debug|ARM.ActiveCfg = Debug|Any CPU
		{BC5E4A63-D02D-4FE6-81E1-00EBE3B095D8}.Debug|ARM.Build.0 = Debug|Any CPU
		{BC5E4A63-D02D-4FE6-81E1-00EBE3B095D8}.Debug|ARM.Deploy.0 = Debug|Any CPU
		{BC5E4A63-D02D-4FE6-81E1-00EBE3B095D8}.Debug|iPhone.ActiveCfg = Debug|Any CPU
		{BC5E4A63-D02D-4FE6-81E1-00EBE3B095D8}.Debug|iPhone.Build.0 = Debug|Any CPU
		{BC5E4A63-D02D-4FE6-81E1-00EBE3B095D8}.Debug|iPhone.Deploy.0 = Debug|Any CPU
		{BC5E4A63-D02D-4FE6-81E1-00EBE3B095D8}.Debug|iPhoneSimulator.ActiveCfg = Debug|Any CPU
		{BC5E4A63-D02D-4FE6-81E1-00EBE3B095D8}.Debug|iPhoneSimulator.Build.0 = Debug|Any CPU
		{BC5E4A63-D02D-4FE6-81E1-00EBE3B095D8}.Debug|iPhoneSimulator.Deploy.0 = Debug|Any CPU
		{BC5E4A63-D02D-4FE6-81E1-00EBE3B095D8}.Debug|x64.ActiveCfg = Debug|Any CPU
		{BC5E4A63-D02D-4FE6-81E1-00EBE3B095D8}.Debug|x64.Build.0 = Debug|Any CPU
		{BC5E4A63-D02D-4FE6-81E1-00EBE3B095D8}.Debug|x64.Deploy.0 = Debug|Any CPU
		{BC5E4A63-D02D-4FE6-81E1-00EBE3B095D8}.Debug|x86.ActiveCfg = Debug|Any CPU
		{BC5E4A63-D02D-4FE6-81E1-00EBE3B095D8}.Debug|x86.Build.0 = Debug|Any CPU
		{BC5E4A63-D02D-4FE6-81E1-00EBE3B095D8}.Debug|x86.Deploy.0 = Debug|Any CPU
		{BC5E4A63-D02D-4FE6-81E1-00EBE3B095D8}.Release|Any CPU.ActiveCfg = Release|Any CPU
		{BC5E4A63-D02D-4FE6-81E1-00EBE3B095D8}.Release|Any CPU.Build.0 = Release|Any CPU
		{BC5E4A63-D02D-4FE6-81E1-00EBE3B095D8}.Release|Any CPU.Deploy.0 = Release|Any CPU
		{BC5E4A63-D02D-4FE6-81E1-00EBE3B095D8}.Release|ARM.ActiveCfg = Release|Any CPU
		{BC5E4A63-D02D-4FE6-81E1-00EBE3B095D8}.Release|ARM.Build.0 = Release|Any CPU
		{BC5E4A63-D02D-4FE6-81E1-00EBE3B095D8}.Release|ARM.Deploy.0 = Release|Any CPU
		{BC5E4A63-D02D-4FE6-81E1-00EBE3B095D8}.Release|iPhone.ActiveCfg = Release|Any CPU
		{BC5E4A63-D02D-4FE6-81E1-00EBE3B095D8}.Release|iPhone.Build.0 = Release|Any CPU
		{BC5E4A63-D02D-4FE6-81E1-00EBE3B095D8}.Release|iPhone.Deploy.0 = Release|Any CPU
		{BC5E4A63-D02D-4FE6-81E1-00EBE3B095D8}.Release|iPhoneSimulator.ActiveCfg = Release|Any CPU
		{BC5E4A63-D02D-4FE6-81E1-00EBE3B095D8}.Release|iPhoneSimulator.Build.0 = Release|Any CPU
		{BC5E4A63-D02D-4FE6-81E1-00EBE3B095D8}.Release|iPhoneSimulator.Deploy.0 = Release|Any CPU
		{BC5E4A63-D02D-4FE6-81E1-00EBE3B095D8}.Release|x64.ActiveCfg = Release|Any CPU
		{BC5E4A63-D02D-4FE6-81E1-00EBE3B095D8}.Release|x64.Build.0 = Release|Any CPU
		{BC5E4A63-D02D-4FE6-81E1-00EBE3B095D8}.Release|x64.Deploy.0 = Release|Any CPU
		{BC5E4A63-D02D-4FE6-81E1-00EBE3B095D8}.Release|x86.ActiveCfg = Release|Any CPU
		{BC5E4A63-D02D-4FE6-81E1-00EBE3B095D8}.Release|x86.Build.0 = Release|Any CPU
		{BC5E4A63-D02D-4FE6-81E1-00EBE3B095D8}.Release|x86.Deploy.0 = Release|Any CPU
	EndGlobalSection
	GlobalSection(SolutionProperties) = preSolution
		HideSolutionNode = FALSE
	EndGlobalSection
	GlobalSection(ExtensibilityGlobals) = postSolution
		SolutionGuid = {F60E06C0-C94C-4E15-9B85-F5841DB5276B}
	EndGlobalSection
EndGlobal
